
Microsoft Visual Studio Solution File, Format Version 12.00
# Visual Studio Version 16
VisualStudioVersion = 16.0.31515.178
MinimumVisualStudioVersion = 10.0.40219.1
Project("{FAE04EC0-301F-11D3-BF4B-00C04F79EFBC}") = "Ragib_television", "Ragib_television.csproj", "{2D01DFA2-DFE7-4DC0-9E09-939C31FF0DE1}"
EndProject
Global
	GlobalSection(SolutionConfigurationPlatforms) = preSolution
		Debug|Any CPU = Debug|Any CPU
		Release|Any CPU = Release|Any CPU
	EndGlobalSection
	GlobalSection(ProjectConfigurationPlatforms) = postSolution
		{2D01DFA2-DFE7-4DC0-9E09-939C31FF0DE1}.Debug|Any CPU.ActiveCfg = Debug|Any CPU
		{2D01DFA2-DFE7-4DC0-9E09-939C31FF0DE1}.Debug|Any CPU.Build.0 = Debug|Any CPU
		{2D01DFA2-DFE7-4DC0-9E09-939C31FF0DE1}.Release|Any CPU.ActiveCfg = Release|Any CPU
		{2D01DFA2-DFE7-4DC0-9E09-939C31FF0DE1}.Release|Any CPU.Build.0 = Release|Any CPU
	EndGlobalSection
	GlobalSection(SolutionProperties) = preSolution
		HideSolutionNode = FALSE
	EndGlobalSection
	GlobalSection(ExtensibilityGlobals) = postSolution
		SolutionGuid = {D7F70644-DAF0-47BD-9A17-1E15727FD826}
	EndGlobalSection
EndGlobal
