
Microsoft Visual Studio Solution File, Format Version 12.00
# Visual Studio Version 16
VisualStudioVersion = 16.0.31515.178
MinimumVisualStudioVersion = 10.0.40219.1
Project("{FAE04EC0-301F-11D3-BF4B-00C04F79EFBC}") = "Ragib_television4", "Ragib_television4.csproj", "{00D07355-E759-4EB7-BC70-AD470E815D81}"
EndProject
Global
	GlobalSection(SolutionConfigurationPlatforms) = preSolution
		Debug|Any CPU = Debug|Any CPU
		Release|Any CPU = Release|Any CPU
	EndGlobalSection
	GlobalSection(ProjectConfigurationPlatforms) = postSolution
		{00D07355-E759-4EB7-BC70-AD470E815D81}.Debug|Any CPU.ActiveCfg = Debug|Any CPU
		{00D07355-E759-4EB7-BC70-AD470E815D81}.Debug|Any CPU.Build.0 = Debug|Any CPU
		{00D07355-E759-4EB7-BC70-AD470E815D81}.Release|Any CPU.ActiveCfg = Release|Any CPU
		{00D07355-E759-4EB7-BC70-AD470E815D81}.Release|Any CPU.Build.0 = Release|Any CPU
	EndGlobalSection
	GlobalSection(SolutionProperties) = preSolution
		HideSolutionNode = FALSE
	EndGlobalSection
	GlobalSection(ExtensibilityGlobals) = postSolution
		SolutionGuid = {13C727C1-24F3-4DEA-8A21-8A8AE9C49F49}
	EndGlobalSection
EndGlobal
