
Microsoft Visual Studio Solution File, Format Version 12.00
# Visual Studio Version 16
VisualStudioVersion = 16.0.31515.178
MinimumVisualStudioVersion = 10.0.40219.1
Project("{FAE04EC0-301F-11D3-BF4B-00C04F79EFBC}") = "Ragib_televisions3", "Ragib_televisions3.csproj", "{50B85B08-7F63-4AEA-9553-D8897D3DDCB0}"
EndProject
Global
	GlobalSection(SolutionConfigurationPlatforms) = preSolution
		Debug|Any CPU = Debug|Any CPU
		Release|Any CPU = Release|Any CPU
	EndGlobalSection
	GlobalSection(ProjectConfigurationPlatforms) = postSolution
		{50B85B08-7F63-4AEA-9553-D8897D3DDCB0}.Debug|Any CPU.ActiveCfg = Debug|Any CPU
		{50B85B08-7F63-4AEA-9553-D8897D3DDCB0}.Debug|Any CPU.Build.0 = Debug|Any CPU
		{50B85B08-7F63-4AEA-9553-D8897D3DDCB0}.Release|Any CPU.ActiveCfg = Release|Any CPU
		{50B85B08-7F63-4AEA-9553-D8897D3DDCB0}.Release|Any CPU.Build.0 = Release|Any CPU
	EndGlobalSection
	GlobalSection(SolutionProperties) = preSolution
		HideSolutionNode = FALSE
	EndGlobalSection
	GlobalSection(ExtensibilityGlobals) = postSolution
		SolutionGuid = {7A85B978-C1D6-4009-925E-386196C6E88D}
	EndGlobalSection
EndGlobal
